// !$*UTF8*$!
{
	archiveVersion = 1;
	classes = {
	};
	objectVersion = 56;
	objects = {

/* Begin PBXBuildFile section */
		BC683AF72B2C432F00F553FB /* TimerApp.swift in Sources */ = {isa = PBXBuildFile; fileRef = BC683AF62B2C432F00F553FB /* TimerApp.swift */; };
		BC683AFB2B2C433100F553FB /* Assets.xcassets in Resources */ = {isa = PBXBuildFile; fileRef = BC683AFA2B2C433100F553FB /* Assets.xcassets */; };
		BC683AFE2B2C433100F553FB /* Preview Assets.xcassets in Resources */ = {isa = PBXBuildFile; fileRef = BC683AFD2B2C433100F553FB /* Preview Assets.xcassets */; };
		BC683B082B2C433200F553FB /* TimerAppTests.swift in Sources */ = {isa = PBXBuildFile; fileRef = BC683B072B2C433200F553FB /* TimerAppTests.swift */; };
		BC683B122B2C433200F553FB /* TimerAppUITests.swift in Sources */ = {isa = PBXBuildFile; fileRef = BC683B112B2C433200F553FB /* TimerAppUITests.swift */; };
		BC683B142B2C433200F553FB /* TimerAppUITestsLaunchTests.swift in Sources */ = {isa = PBXBuildFile; fileRef = BC683B132B2C433200F553FB /* TimerAppUITestsLaunchTests.swift */; };
		BC683B242B2C45DE00F553FB /* RegisterView.swift in Sources */ = {isa = PBXBuildFile; fileRef = BC683B232B2C45DE00F553FB /* RegisterView.swift */; };
		BC683B262B2C460500F553FB /* TimerView.swift in Sources */ = {isa = PBXBuildFile; fileRef = BC683B252B2C460500F553FB /* TimerView.swift */; };
		BC683B282B2C462400F553FB /* UserManager.swift in Sources */ = {isa = PBXBuildFile; fileRef = BC683B272B2C462400F553FB /* UserManager.swift */; };
		BC683B2A2B2C464000F553FB /* TimeCounter.swift in Sources */ = {isa = PBXBuildFile; fileRef = BC683B292B2C464000F553FB /* TimeCounter.swift */; };
		BC683B2D2B2C46AD00F553FB /* StarterView.swift in Sources */ = {isa = PBXBuildFile; fileRef = BC683B2C2B2C46AD00F553FB /* StarterView.swift */; };
/* End PBXBuildFile section */

/* Begin PBXContainerItemProxy section */
		BC683B042B2C433200F553FB /* PBXContainerItemProxy */ = {
			isa = PBXContainerItemProxy;
			containerPortal = BC683AEB2B2C432F00F553FB /* Project object */;
			proxyType = 1;
			remoteGlobalIDString = BC683AF22B2C432F00F553FB;
			remoteInfo = TimerApp;
		};
		BC683B0E2B2C433200F553FB /* PBXContainerItemProxy */ = {
			isa = PBXContainerItemProxy;
			containerPortal = BC683AEB2B2C432F00F553FB /* Project object */;
			proxyType = 1;
			remoteGlobalIDString = BC683AF22B2C432F00F553FB;
			remoteInfo = TimerApp;
		};
/* End PBXContainerItemProxy section */

/* Begin PBXFileReference section */
		BC683AF32B2C432F00F553FB /* TimerApp.app */ = {isa = PBXFileReference; explicitFileType = wrapper.application; includeInIndex = 0; path = TimerApp.app; sourceTree = BUILT_PRODUCTS_DIR; };
		BC683AF62B2C432F00F553FB /* TimerApp.swift */ = {isa = PBXFileReference; lastKnownFileType = sourcecode.swift; path = TimerApp.swift; sourceTree = "<group>"; };
		BC683AFA2B2C433100F553FB /* Assets.xcassets */ = {isa = PBXFileReference; lastKnownFileType = folder.assetcatalog; path = Assets.xcassets; sourceTree = "<group>"; };
		BC683AFD2B2C433100F553FB /* Preview Assets.xcassets */ = {isa = PBXFileReference; lastKnownFileType = folder.assetcatalog; path = "Preview Assets.xcassets"; sourceTree = "<group>"; };
		BC683B032B2C433200F553FB /* TimerAppTests.xctest */ = {isa = PBXFileReference; explicitFileType = wrapper.cfbundle; includeInIndex = 0; path = TimerAppTests.xctest; sourceTree = BUILT_PRODUCTS_DIR; };
		BC683B072B2C433200F553FB /* TimerAppTests.swift */ = {isa = PBXFileReference; lastKnownFileType = sourcecode.swift; path = TimerAppTests.swift; sourceTree = "<group>"; };
		BC683B0D2B2C433200F553FB /* TimerAppUITests.xctest */ = {isa = PBXFileReference; explicitFileType = wrapper.cfbundle; includeInIndex = 0; path = TimerAppUITests.xctest; sourceTree = BUILT_PRODUCTS_DIR; };
		BC683B112B2C433200F553FB /* TimerAppUITests.swift */ = {isa = PBXFileReference; lastKnownFileType = sourcecode.swift; path = TimerAppUITests.swift; sourceTree = "<group>"; };
		BC683B132B2C433200F553FB /* TimerAppUITestsLaunchTests.swift */ = {isa = PBXFileReference; lastKnownFileType = sourcecode.swift; path = TimerAppUITestsLaunchTests.swift; sourceTree = "<group>"; };
		BC683B232B2C45DE00F553FB /* RegisterView.swift */ = {isa = PBXFileReference; lastKnownFileType = sourcecode.swift; path = RegisterView.swift; sourceTree = "<group>"; };
		BC683B252B2C460500F553FB /* TimerView.swift */ = {isa = PBXFileReference; lastKnownFileType = sourcecode.swift; path = TimerView.swift; sourceTree = "<group>"; };
		BC683B272B2C462400F553FB /* UserManager.swift */ = {isa = PBXFileReference; lastKnownFileType = sourcecode.swift; path = UserManager.swift; sourceTree = "<group>"; };
		BC683B292B2C464000F553FB /* TimeCounter.swift */ = {isa = PBXFileReference; lastKnownFileType = sourcecode.swift; path = TimeCounter.swift; sourceTree = "<group>"; };
		BC683B2C2B2C46AD00F553FB /* StarterView.swift */ = {isa = PBXFileReference; lastKnownFileType = sourcecode.swift; path = StarterView.swift; sourceTree = "<group>"; };
/* End PBXFileReference section */

/* Begin PBXFrameworksBuildPhase section */
		BC683AF02B2C432F00F553FB /* Frameworks */ = {
			isa = PBXFrameworksBuildPhase;
			buildActionMask = 2147483647;
			files = (
			);
			runOnlyForDeploymentPostprocessing = 0;
		};
		BC683B002B2C433200F553FB /* Frameworks */ = {
			isa = PBXFrameworksBuildPhase;
			buildActionMask = 2147483647;
			files = (
			);
			runOnlyForDeploymentPostprocessing = 0;
		};
		BC683B0A2B2C433200F553FB /* Frameworks */ = {
			isa = PBXFrameworksBuildPhase;
			buildActionMask = 2147483647;
			files = (
			);
			runOnlyForDeploymentPostprocessing = 0;
		};
/* End PBXFrameworksBuildPhase section */

/* Begin PBXGroup section */
		BC683AEA2B2C432F00F553FB = {
			isa = PBXGroup;
			children = (
				BC683AF52B2C432F00F553FB /* TimerApp */,
				BC683B062B2C433200F553FB /* TimerAppTests */,
				BC683B102B2C433200F553FB /* TimerAppUITests */,
				BC683AF42B2C432F00F553FB /* Products */,
			);
			sourceTree = "<group>";
		};
		BC683AF42B2C432F00F553FB /* Products */ = {
			isa = PBXGroup;
			children = (
				BC683AF32B2C432F00F553FB /* TimerApp.app */,
				BC683B032B2C433200F553FB /* TimerAppTests.xctest */,
				BC683B0D2B2C433200F553FB /* TimerAppUITests.xctest */,
			);
			name = Products;
			sourceTree = "<group>";
		};
		BC683AF52B2C432F00F553FB /* TimerApp */ = {
			isa = PBXGroup;
			children = (
				BC683B212B2C44F600F553FB /* App */,
				BC683B202B2C44EB00F553FB /* Views */,
				BC683B222B2C450300F553FB /* ObservableObject */,
				BC683AFA2B2C433100F553FB /* Assets.xcassets */,
				BC683AFC2B2C433100F553FB /* Preview Content */,
			);
			path = TimerApp;
			sourceTree = "<group>";
		};
		BC683AFC2B2C433100F553FB /* Preview Content */ = {
			isa = PBXGroup;
			children = (
				BC683AFD2B2C433100F553FB /* Preview Assets.xcassets */,
			);
			path = "Preview Content";
			sourceTree = "<group>";
		};
		BC683B062B2C433200F553FB /* TimerAppTests */ = {
			isa = PBXGroup;
			children = (
				BC683B072B2C433200F553FB /* TimerAppTests.swift */,
			);
			path = TimerAppTests;
			sourceTree = "<group>";
		};
		BC683B102B2C433200F553FB /* TimerAppUITests */ = {
			isa = PBXGroup;
			children = (
				BC683B112B2C433200F553FB /* TimerAppUITests.swift */,
				BC683B132B2C433200F553FB /* TimerAppUITestsLaunchTests.swift */,
			);
			path = TimerAppUITests;
			sourceTree = "<group>";
		};
		BC683B202B2C44EB00F553FB /* Views */ = {
			isa = PBXGroup;
			children = (
				BC683B232B2C45DE00F553FB /* RegisterView.swift */,
				BC683B252B2C460500F553FB /* TimerView.swift */,
				BC683B2C2B2C46AD00F553FB /* StarterView.swift */,
			);
			path = Views;
			sourceTree = "<group>";
		};
		BC683B212B2C44F600F553FB /* App */ = {
			isa = PBXGroup;
			children = (
				BC683AF62B2C432F00F553FB /* TimerApp.swift */,
			);
			path = App;
			sourceTree = "<group>";
		};
		BC683B222B2C450300F553FB /* ObservableObject */ = {
			isa = PBXGroup;
			children = (
				BC683B272B2C462400F553FB /* UserManager.swift */,
				BC683B292B2C464000F553FB /* TimeCounter.swift */,
			);
			path = ObservableObject;
			sourceTree = "<group>";
		};
/* End PBXGroup section */

/* Begin PBXNativeTarget section */
		BC683AF22B2C432F00F553FB /* TimerApp */ = {
			isa = PBXNativeTarget;
			buildConfigurationList = BC683B172B2C433200F553FB /* Build configuration list for PBXNativeTarget "TimerApp" */;
			buildPhases = (
				BC683AEF2B2C432F00F553FB /* Sources */,
				BC683AF02B2C432F00F553FB /* Frameworks */,
				BC683AF12B2C432F00F553FB /* Resources */,
			);
			buildRules = (
			);
			dependencies = (
			);
			name = TimerApp;
			productName = TimerApp;
			productReference = BC683AF32B2C432F00F553FB /* TimerApp.app */;
			productType = "com.apple.product-type.application";
		};
		BC683B022B2C433200F553FB /* TimerAppTests */ = {
			isa = PBXNativeTarget;
			buildConfigurationList = BC683B1A2B2C433200F553FB /* Build configuration list for PBXNativeTarget "TimerAppTests" */;
			buildPhases = (
				BC683AFF2B2C433200F553FB /* Sources */,
				BC683B002B2C433200F553FB /* Frameworks */,
				BC683B012B2C433200F553FB /* Resources */,
			);
			buildRules = (
			);
			dependencies = (
				BC683B052B2C433200F553FB /* PBXTargetDependency */,
			);
			name = TimerAppTests;
			productName = TimerAppTests;
			productReference = BC683B032B2C433200F553FB /* TimerAppTests.xctest */;
			productType = "com.apple.product-type.bundle.unit-test";
		};
		BC683B0C2B2C433200F553FB /* TimerAppUITests */ = {
			isa = PBXNativeTarget;
			buildConfigurationList = BC683B1D2B2C433200F553FB /* Build configuration list for PBXNativeTarget "TimerAppUITests" */;
			buildPhases = (
				BC683B092B2C433200F553FB /* Sources */,
				BC683B0A2B2C433200F553FB /* Frameworks */,
				BC683B0B2B2C433200F553FB /* Resources */,
			);
			buildRules = (
			);
			dependencies = (
				BC683B0F2B2C433200F553FB /* PBXTargetDependency */,
			);
			name = TimerAppUITests;
			productName = TimerAppUITests;
			productReference = BC683B0D2B2C433200F553FB /* TimerAppUITests.xctest */;
			productType = "com.apple.product-type.bundle.ui-testing";
		};
/* End PBXNativeTarget section */

/* Begin PBXProject section */
		BC683AEB2B2C432F00F553FB /* Project object */ = {
			isa = PBXProject;
			attributes = {
				BuildIndependentTargetsInParallel = 1;
				LastSwiftUpdateCheck = 1510;
				LastUpgradeCheck = 1510;
				TargetAttributes = {
					BC683AF22B2C432F00F553FB = {
						CreatedOnToolsVersion = 15.1;
					};
					BC683B022B2C433200F553FB = {
						CreatedOnToolsVersion = 15.1;
						TestTargetID = BC683AF22B2C432F00F553FB;
					};
					BC683B0C2B2C433200F553FB = {
						CreatedOnToolsVersion = 15.1;
						TestTargetID = BC683AF22B2C432F00F553FB;
					};
				};
			};
			buildConfigurationList = BC683AEE2B2C432F00F553FB /* Build configuration list for PBXProject "TimerApp" */;
			compatibilityVersion = "Xcode 14.0";
			developmentRegion = en;
			hasScannedForEncodings = 0;
			knownRegions = (
				en,
				Base,
			);
			mainGroup = BC683AEA2B2C432F00F553FB;
			productRefGroup = BC683AF42B2C432F00F553FB /* Products */;
			projectDirPath = "";
			projectRoot = "";
			targets = (
				BC683AF22B2C432F00F553FB /* TimerApp */,
				BC683B022B2C433200F553FB /* TimerAppTests */,
				BC683B0C2B2C433200F553FB /* TimerAppUITests */,
			);
		};
/* End PBXProject section */

/* Begin PBXResourcesBuildPhase section */
		BC683AF12B2C432F00F553FB /* Resources */ = {
			isa = PBXResourcesBuildPhase;
			buildActionMask = 2147483647;
			files = (
				BC683AFE2B2C433100F553FB /* Preview Assets.xcassets in Resources */,
				BC683AFB2B2C433100F553FB /* Assets.xcassets in Resources */,
			);
			runOnlyForDeploymentPostprocessing = 0;
		};
		BC683B012B2C433200F553FB /* Resources */ = {
			isa = PBXResourcesBuildPhase;
			buildActionMask = 2147483647;
			files = (
			);
			runOnlyForDeploymentPostprocessing = 0;
		};
		BC683B0B2B2C433200F553FB /* Resources */ = {
			isa = PBXResourcesBuildPhase;
			buildActionMask = 2147483647;
			files = (
			);
			runOnlyForDeploymentPostprocessing = 0;
		};
/* End PBXResourcesBuildPhase section */

/* Begin PBXSourcesBuildPhase section */
		BC683AEF2B2C432F00F553FB /* Sources */ = {
			isa = PBXSourcesBuildPhase;
			buildActionMask = 2147483647;
			files = (
				BC683B262B2C460500F553FB /* TimerView.swift in Sources */,
				BC683AF72B2C432F00F553FB /* TimerApp.swift in Sources */,
				BC683B2D2B2C46AD00F553FB /* StarterView.swift in Sources */,
				BC683B282B2C462400F553FB /* UserManager.swift in Sources */,
				BC683B2A2B2C464000F553FB /* TimeCounter.swift in Sources */,
				BC683B242B2C45DE00F553FB /* RegisterView.swift in Sources */,
			);
			runOnlyForDeploymentPostprocessing = 0;
		};
		BC683AFF2B2C433200F553FB /* Sources */ = {
			isa = PBXSourcesBuildPhase;
			buildActionMask = 2147483647;
			files = (
				BC683B082B2C433200F553FB /* TimerAppTests.swift in Sources */,
			);
			runOnlyForDeploymentPostprocessing = 0;
		};
		BC683B092B2C433200F553FB /* Sources */ = {
			isa = PBXSourcesBuildPhase;
			buildActionMask = 2147483647;
			files = (
				BC683B142B2C433200F553FB /* TimerAppUITestsLaunchTests.swift in Sources */,
				BC683B122B2C433200F553FB /* TimerAppUITests.swift in Sources */,
			);
			runOnlyForDeploymentPostprocessing = 0;
		};
/* End PBXSourcesBuildPhase section */

/* Begin PBXTargetDependency section */
		BC683B052B2C433200F553FB /* PBXTargetDependency */ = {
			isa = PBXTargetDependency;
			target = BC683AF22B2C432F00F553FB /* TimerApp */;
			targetProxy = BC683B042B2C433200F553FB /* PBXContainerItemProxy */;
		};
		BC683B0F2B2C433200F553FB /* PBXTargetDependency */ = {
			isa = PBXTargetDependency;
			target = BC683AF22B2C432F00F553FB /* TimerApp */;
			targetProxy = BC683B0E2B2C433200F553FB /* PBXContainerItemProxy */;
		};
/* End PBXTargetDependency section */

/* Begin XCBuildConfiguration section */
		BC683B152B2C433200F553FB /* Debug */ = {
			isa = XCBuildConfiguration;
			buildSettings = {
				ALWAYS_SEARCH_USER_PATHS = NO;
				ASSETCATALOG_COMPILER_GENERATE_SWIFT_ASSET_SYMBOL_EXTENSIONS = YES;
				CLANG_ANALYZER_NONNULL = YES;
				CLANG_ANALYZER_NUMBER_OBJECT_CONVERSION = YES_AGGRESSIVE;
				CLANG_CXX_LANGUAGE_STANDARD = "gnu++20";
				CLANG_ENABLE_MODULES = YES;
				CLANG_ENABLE_OBJC_ARC = YES;
				CLANG_ENABLE_OBJC_WEAK = YES;
				CLANG_WARN_BLOCK_CAPTURE_AUTORELEASING = YES;
				CLANG_WARN_BOOL_CONVERSION = YES;
				CLANG_WARN_COMMA = YES;
				CLANG_WARN_CONSTANT_CONVERSION = YES;
				CLANG_WARN_DEPRECATED_OBJC_IMPLEMENTATIONS = YES;
				CLANG_WARN_DIRECT_OBJC_ISA_USAGE = YES_ERROR;
				CLANG_WARN_DOCUMENTATION_COMMENTS = YES;
				CLANG_WARN_EMPTY_BODY = YES;
				CLANG_WARN_ENUM_CONVERSION = YES;
				CLANG_WARN_INFINITE_RECURSION = YES;
				CLANG_WARN_INT_CONVERSION = YES;
				CLANG_WARN_NON_LITERAL_NULL_CONVERSION = YES;
				CLANG_WARN_OBJC_IMPLICIT_RETAIN_SELF = YES;
				CLANG_WARN_OBJC_LITERAL_CONVERSION = YES;
				CLANG_WARN_OBJC_ROOT_CLASS = YES_ERROR;
				CLANG_WARN_QUOTED_INCLUDE_IN_FRAMEWORK_HEADER = YES;
				CLANG_WARN_RANGE_LOOP_ANALYSIS = YES;
				CLANG_WARN_STRICT_PROTOTYPES = YES;
				CLANG_WARN_SUSPICIOUS_MOVE = YES;
				CLANG_WARN_UNGUARDED_AVAILABILITY = YES_AGGRESSIVE;
				CLANG_WARN_UNREACHABLE_CODE = YES;
				CLANG_WARN__DUPLICATE_METHOD_MATCH = YES;
				COPY_PHASE_STRIP = NO;
				DEBUG_INFORMATION_FORMAT = dwarf;
				ENABLE_STRICT_OBJC_MSGSEND = YES;
				ENABLE_TESTABILITY = YES;
				ENABLE_USER_SCRIPT_SANDBOXING = YES;
				GCC_C_LANGUAGE_STANDARD = gnu17;
				GCC_DYNAMIC_NO_PIC = NO;
				GCC_NO_COMMON_BLOCKS = YES;
				GCC_OPTIMIZATION_LEVEL = 0;
				GCC_PREPROCESSOR_DEFINITIONS = (
					"DEBUG=1",
					"$(inherited)",
				);
				GCC_WARN_64_TO_32_BIT_CONVERSION = YES;
				GCC_WARN_ABOUT_RETURN_TYPE = YES_ERROR;
				GCC_WARN_UNDECLARED_SELECTOR = YES;
				GCC_WARN_UNINITIALIZED_AUTOS = YES_AGGRESSIVE;
				GCC_WARN_UNUSED_FUNCTION = YES;
				GCC_WARN_UNUSED_VARIABLE = YES;
				IPHONEOS_DEPLOYMENT_TARGET = 17.2;
				LOCALIZATION_PREFERS_STRING_CATALOGS = YES;
				MTL_ENABLE_DEBUG_INFO = INCLUDE_SOURCE;
				MTL_FAST_MATH = YES;
				ONLY_ACTIVE_ARCH = YES;
				SDKROOT = iphoneos;
				SWIFT_ACTIVE_COMPILATION_CONDITIONS = "DEBUG $(inherited)";
				SWIFT_OPTIMIZATION_LEVEL = "-Onone";
			};
			name = Debug;
		};
		BC683B162B2C433200F553FB /* Release */ = {
			isa = XCBuildConfiguration;
			buildSettings = {
				ALWAYS_SEARCH_USER_PATHS = NO;
				ASSETCATALOG_COMPILER_GENERATE_SWIFT_ASSET_SYMBOL_EXTENSIONS = YES;
				CLANG_ANALYZER_NONNULL = YES;
				CLANG_ANALYZER_NUMBER_OBJECT_CONVERSION = YES_AGGRESSIVE;
				CLANG_CXX_LANGUAGE_STANDARD = "gnu++20";
				CLANG_ENABLE_MODULES = YES;
				CLANG_ENABLE_OBJC_ARC = YES;
				CLANG_ENABLE_OBJC_WEAK = YES;
				CLANG_WARN_BLOCK_CAPTURE_AUTORELEASING = YES;
				CLANG_WARN_BOOL_CONVERSION = YES;
				CLANG_WARN_COMMA = YES;
				CLANG_WARN_CONSTANT_CONVERSION = YES;
				CLANG_WARN_DEPRECATED_OBJC_IMPLEMENTATIONS = YES;
				CLANG_WARN_DIRECT_OBJC_ISA_USAGE = YES_ERROR;
				CLANG_WARN_DOCUMENTATION_COMMENTS = YES;
				CLANG_WARN_EMPTY_BODY = YES;
				CLANG_WARN_ENUM_CONVERSION = YES;
				CLANG_WARN_INFINITE_RECURSION = YES;
				CLANG_WARN_INT_CONVERSION = YES;
				CLANG_WARN_NON_LITERAL_NULL_CONVERSION = YES;
				CLANG_WARN_OBJC_IMPLICIT_RETAIN_SELF = YES;
				CLANG_WARN_OBJC_LITERAL_CONVERSION = YES;
				CLANG_WARN_OBJC_ROOT_CLASS = YES_ERROR;
				CLANG_WARN_QUOTED_INCLUDE_IN_FRAMEWORK_HEADER = YES;
				CLANG_WARN_RANGE_LOOP_ANALYSIS = YES;
				CLANG_WARN_STRICT_PROTOTYPES = YES;
				CLANG_WARN_SUSPICIOUS_MOVE = YES;
				CLANG_WARN_UNGUARDED_AVAILABILITY = YES_AGGRESSIVE;
				CLANG_WARN_UNREACHABLE_CODE = YES;
				CLANG_WARN__DUPLICATE_METHOD_MATCH = YES;
				COPY_PHASE_STRIP = NO;
				DEBUG_INFORMATION_FORMAT = "dwarf-with-dsym";
				ENABLE_NS_ASSERTIONS = NO;
				ENABLE_STRICT_OBJC_MSGSEND = YES;
				ENABLE_USER_SCRIPT_SANDBOXING = YES;
				GCC_C_LANGUAGE_STANDARD = gnu17;
				GCC_NO_COMMON_BLOCKS = YES;
				GCC_WARN_64_TO_32_BIT_CONVERSION = YES;
				GCC_WARN_ABOUT_RETURN_TYPE = YES_ERROR;
				GCC_WARN_UNDECLARED_SELECTOR = YES;
				GCC_WARN_UNINITIALIZED_AUTOS = YES_AGGRESSIVE;
				GCC_WARN_UNUSED_FUNCTION = YES;
				GCC_WARN_UNUSED_VARIABLE = YES;
				IPHONEOS_DEPLOYMENT_TARGET = 17.2;
				LOCALIZATION_PREFERS_STRING_CATALOGS = YES;
				MTL_ENABLE_DEBUG_INFO = NO;
				MTL_FAST_MATH = YES;
				SDKROOT = iphoneos;
				SWIFT_COMPILATION_MODE = wholemodule;
				VALIDATE_PRODUCT = YES;
			};
			name = Release;
		};
		BC683B182B2C433200F553FB /* Debug */ = {
			isa = XCBuildConfiguration;
			buildSettings = {
				ASSETCATALOG_COMPILER_APPICON_NAME = AppIcon;
				ASSETCATALOG_COMPILER_GLOBAL_ACCENT_COLOR_NAME = AccentColor;
				CODE_SIGN_STYLE = Automatic;
				CURRENT_PROJECT_VERSION = 1;
				DEVELOPMENT_ASSET_PATHS = "\"TimerApp/Preview Content\"";
				DEVELOPMENT_TEAM = Y5C952D945;
				ENABLE_PREVIEWS = YES;
				GENERATE_INFOPLIST_FILE = YES;
				INFOPLIST_KEY_UIApplicationSceneManifest_Generation = YES;
				INFOPLIST_KEY_UIApplicationSupportsIndirectInputEvents = YES;
				INFOPLIST_KEY_UILaunchScreen_Generation = YES;
				INFOPLIST_KEY_UISupportedInterfaceOrientations_iPad = "UIInterfaceOrientationPortrait UIInterfaceOrientationPortraitUpsideDown UIInterfaceOrientationLandscapeLeft UIInterfaceOrientationLandscapeRight";
				INFOPLIST_KEY_UISupportedInterfaceOrientations_iPhone = "UIInterfaceOrientationPortrait UIInterfaceOrientationLandscapeLeft UIInterfaceOrientationLandscapeRight";
				IPHONEOS_DEPLOYMENT_TARGET = 15.6;
				LD_RUNPATH_SEARCH_PATHS = (
					"$(inherited)",
					"@executable_path/Frameworks",
				);
				MARKETING_VERSION = 1.0;
				PRODUCT_BUNDLE_IDENTIFIER = TimerApp.TimerApp;
				PRODUCT_NAME = "$(TARGET_NAME)";
				SWIFT_EMIT_LOC_STRINGS = YES;
				SWIFT_VERSION = 5.0;
				TARGETED_DEVICE_FAMILY = "1,2";
			};
			name = Debug;
		};
		BC683B192B2C433200F553FB /* Release */ = {
			isa = XCBuildConfiguration;
			buildSettings = {
				ASSETCATALOG_COMPILER_APPICON_NAME = AppIcon;
				ASSETCATALOG_COMPILER_GLOBAL_ACCENT_COLOR_NAME = AccentColor;
				CODE_SIGN_STYLE = Automatic;
				CURRENT_PROJECT_VERSION = 1;
				DEVELOPMENT_ASSET_PATHS = "\"TimerApp/Preview Content\"";
				DEVELOPMENT_TEAM = Y5C952D945;
				ENABLE_PREVIEWS = YES;
				GENERATE_INFOPLIST_FILE = YES;
				INFOPLIST_KEY_UIApplicationSceneManifest_Generation = YES;
				INFOPLIST_KEY_UIApplicationSupportsIndirectInputEvents = YES;
				INFOPLIST_KEY_UILaunchScreen_Generation = YES;
				INFOPLIST_KEY_UISupportedInterfaceOrientations_iPad = "UIInterfaceOrientationPortrait UIInterfaceOrientationPortraitUpsideDown UIInterfaceOrientationLandscapeLeft UIInterfaceOrientationLandscapeRight";
				INFOPLIST_KEY_UISupportedInterfaceOrientations_iPhone = "UIInterfaceOrientationPortrait UIInterfaceOrientationLandscapeLeft UIInterfaceOrientationLandscapeRight";
				IPHONEOS_DEPLOYMENT_TARGET = 15.6;
				LD_RUNPATH_SEARCH_PATHS = (
					"$(inherited)",
					"@executable_path/Frameworks",
				);
				MARKETING_VERSION = 1.0;
				PRODUCT_BUNDLE_IDENTIFIER = TimerApp.TimerApp;
				PRODUCT_NAME = "$(TARGET_NAME)";
				SWIFT_EMIT_LOC_STRINGS = YES;
				SWIFT_VERSION = 5.0;
				TARGETED_DEVICE_FAMILY = "1,2";
			};
			name = Release;
		};
		BC683B1B2B2C433200F553FB /* Debug */ = {
			isa = XCBuildConfiguration;
			buildSettings = {
				ALWAYS_EMBED_SWIFT_STANDARD_LIBRARIES = YES;
				BUNDLE_LOADER = "$(TEST_HOST)";
				CODE_SIGN_STYLE = Automatic;
				CURRENT_PROJECT_VERSION = 1;
				DEVELOPMENT_TEAM = Y5C952D945;
				GENERATE_INFOPLIST_FILE = YES;
				IPHONEOS_DEPLOYMENT_TARGET = 17.2;
				MARKETING_VERSION = 1.0;
				PRODUCT_BUNDLE_IDENTIFIER = TimerApp.TimerAppTests;
				PRODUCT_NAME = "$(TARGET_NAME)";
				SWIFT_EMIT_LOC_STRINGS = NO;
				SWIFT_VERSION = 5.0;
				TARGETED_DEVICE_FAMILY = "1,2";
				TEST_HOST = "$(BUILT_PRODUCTS_DIR)/TimerApp.app/$(BUNDLE_EXECUTABLE_FOLDER_PATH)/TimerApp";
			};
			name = Debug;
		};
		BC683B1C2B2C433200F553FB /* Release */ = {
			isa = XCBuildConfiguration;
			buildSettings = {
				ALWAYS_EMBED_SWIFT_STANDARD_LIBRARIES = YES;
				BUNDLE_LOADER = "$(TEST_HOST)";
				CODE_SIGN_STYLE = Automatic;
				CURRENT_PROJECT_VERSION = 1;
				DEVELOPMENT_TEAM = Y5C952D945;
				GENERATE_INFOPLIST_FILE = YES;
				IPHONEOS_DEPLOYMENT_TARGET = 17.2;
				MARKETING_VERSION = 1.0;
				PRODUCT_BUNDLE_IDENTIFIER = TimerApp.TimerAppTests;
				PRODUCT_NAME = "$(TARGET_NAME)";
				SWIFT_EMIT_LOC_STRINGS = NO;
				SWIFT_VERSION = 5.0;
				TARGETED_DEVICE_FAMILY = "1,2";
				TEST_HOST = "$(BUILT_PRODUCTS_DIR)/TimerApp.app/$(BUNDLE_EXECUTABLE_FOLDER_PATH)/TimerApp";
			};
			name = Release;
		};
		BC683B1E2B2C433200F553FB /* Debug */ = {
			isa = XCBuildConfiguration;
			buildSettings = {
				ALWAYS_EMBED_SWIFT_STANDARD_LIBRARIES = YES;
				CODE_SIGN_STYLE = Automatic;
				CURRENT_PROJECT_VERSION = 1;
				DEVELOPMENT_TEAM = Y5C952D945;
				GENERATE_INFOPLIST_FILE = YES;
				MARKETING_VERSION = 1.0;
				PRODUCT_BUNDLE_IDENTIFIER = TimerApp.TimerAppUITests;
				PRODUCT_NAME = "$(TARGET_NAME)";
				SWIFT_EMIT_LOC_STRINGS = NO;
				SWIFT_VERSION = 5.0;
				TARGETED_DEVICE_FAMILY = "1,2";
				TEST_TARGET_NAME = TimerApp;
			};
			name = Debug;
		};
		BC683B1F2B2C433200F553FB /* Release */ = {
			isa = XCBuildConfiguration;
			buildSettings = {
				ALWAYS_EMBED_SWIFT_STANDARD_LIBRARIES = YES;
				CODE_SIGN_STYLE = Automatic;
				CURRENT_PROJECT_VERSION = 1;
				DEVELOPMENT_TEAM = Y5C952D945;
				GENERATE_INFOPLIST_FILE = YES;
				MARKETING_VERSION = 1.0;
				PRODUCT_BUNDLE_IDENTIFIER = TimerApp.TimerAppUITests;
				PRODUCT_NAME = "$(TARGET_NAME)";
				SWIFT_EMIT_LOC_STRINGS = NO;
				SWIFT_VERSION = 5.0;
				TARGETED_DEVICE_FAMILY = "1,2";
				TEST_TARGET_NAME = TimerApp;
			};
			name = Release;
		};
/* End XCBuildConfiguration section */

/* Begin XCConfigurationList section */
		BC683AEE2B2C432F00F553FB /* Build configuration list for PBXProject "TimerApp" */ = {
			isa = XCConfigurationList;
			buildConfigurations = (
				BC683B152B2C433200F553FB /* Debug */,
				BC683B162B2C433200F553FB /* Release */,
			);
			defaultConfigurationIsVisible = 0;
			defaultConfigurationName = Release;
		};
		BC683B172B2C433200F553FB /* Build configuration list for PBXNativeTarget "TimerApp" */ = {
			isa = XCConfigurationList;
			buildConfigurations = (
				BC683B182B2C433200F553FB /* Debug */,
				BC683B192B2C433200F553FB /* Release */,
			);
			defaultConfigurationIsVisible = 0;
			defaultConfigurationName = Release;
		};
		BC683B1A2B2C433200F553FB /* Build configuration list for PBXNativeTarget "TimerAppTests" */ = {
			isa = XCConfigurationList;
			buildConfigurations = (
				BC683B1B2B2C433200F553FB /* Debug */,
				BC683B1C2B2C433200F553FB /* Release */,
			);
			defaultConfigurationIsVisible = 0;
			defaultConfigurationName = Release;
		};
		BC683B1D2B2C433200F553FB /* Build configuration list for PBXNativeTarget "TimerAppUITests" */ = {
			isa = XCConfigurationList;
			buildConfigurations = (
				BC683B1E2B2C433200F553FB /* Debug */,
				BC683B1F2B2C433200F553FB /* Release */,
			);
			defaultConfigurationIsVisible = 0;
			defaultConfigurationName = Release;
		};
/* End XCConfigurationList section */
	};
	rootObject = BC683AEB2B2C432F00F553FB /* Project object */;
}
